
Microsoft Visual Studio Solution File, Format Version 12.00
# Visual Studio 2013
VisualStudioVersion = 12.0.30723.0
MinimumVisualStudioVersion = 10.0.40219.1
Project("{FAE04EC0-301F-11D3-BF4B-00C04F79EFBC}") = "SummerReport", "SummerReport\SummerReport.csproj", "{DD91AF61-7583-477E-9D60-F1130A58A6AA}"
EndProject
Global
	GlobalSection(SolutionConfigurationPlatforms) = preSolution
		Debug|Any CPU = Debug|Any CPU
		Release|Any CPU = Release|Any CPU
	EndGlobalSection
	GlobalSection(ProjectConfigurationPlatforms) = postSolution
		{DD91AF61-7583-477E-9D60-F1130A58A6AA}.Debug|Any CPU.ActiveCfg = Debug|Any CPU
		{DD91AF61-7583-477E-9D60-F1130A58A6AA}.Debug|Any CPU.Build.0 = Debug|Any CPU
		{DD91AF61-7583-477E-9D60-F1130A58A6AA}.Release|Any CPU.ActiveCfg = Release|Any CPU
		{DD91AF61-7583-477E-9D60-F1130A58A6AA}.Release|Any CPU.Build.0 = Release|Any CPU
	EndGlobalSection
	GlobalSection(SolutionProperties) = preSolution
		HideSolutionNode = FALSE
	EndGlobalSection
EndGlobal
